
Microsoft Visual Studio Solution File, Format Version 12.00
# Visual Studio Version 17
VisualStudioVersion = 17.7.34302.85
MinimumVisualStudioVersion = 10.0.40219.1
Project("{FAE04EC0-301F-11D3-BF4B-00C04F79EFBC}") = "Yvand.LDAPCPSE", "Yvand.LDAPCPSE\Yvand.LDAPCPSE.csproj", "{66F4B88D-7D7E-4435-92DE-94810E2B8F9F}"
EndProject
Project("{FAE04EC0-301F-11D3-BF4B-00C04F79EFBC}") = "Yvand.LDAPCPSE.Tests", "Yvand.LDAPCPSE.Tests\Yvand.LDAPCPSE.Tests.csproj", "{90A764E3-68F7-4E55-B557-E46B98340216}"
EndProject
Global
	GlobalSection(SolutionConfigurationPlatforms) = preSolution
		Debug|x64 = Debug|x64
		Release|x64 = Release|x64
	EndGlobalSection
	GlobalSection(ProjectConfigurationPlatforms) = postSolution
		{66F4B88D-7D7E-4435-92DE-94810E2B8F9F}.Debug|x64.ActiveCfg = Debug|x64
		{66F4B88D-7D7E-4435-92DE-94810E2B8F9F}.Debug|x64.Build.0 = Debug|x64
		{66F4B88D-7D7E-4435-92DE-94810E2B8F9F}.Release|x64.ActiveCfg = Release|x64
		{66F4B88D-7D7E-4435-92DE-94810E2B8F9F}.Release|x64.Build.0 = Release|x64
		{90A764E3-68F7-4E55-B557-E46B98340216}.Debug|x64.ActiveCfg = Debug|x64
		{90A764E3-68F7-4E55-B557-E46B98340216}.Debug|x64.Build.0 = Debug|x64
		{90A764E3-68F7-4E55-B557-E46B98340216}.Release|x64.ActiveCfg = Release|x64
		{90A764E3-68F7-4E55-B557-E46B98340216}.Release|x64.Build.0 = Release|x64
	EndGlobalSection
	GlobalSection(SolutionProperties) = preSolution
		HideSolutionNode = FALSE
	EndGlobalSection
	GlobalSection(ExtensibilityGlobals) = postSolution
		SolutionGuid = {0BF4B735-E060-4AAC-9022-8EEE6B34F938}
	EndGlobalSection
	GlobalSection(Performance) = preSolution
		HasPerformanceSessions = true
	EndGlobalSection
EndGlobal
